// !$*UTF8*$!
{
	archiveVersion = 1;
	classes = {
	};
	objectVersion = 52;
	objects = {

/* Begin PBXBuildFile section */
		06EA5FB9D37ED9B243838661 /* Store.swift in Sources */ = {isa = PBXBuildFile; fileRef = 16D9983A3247EFA84C3CD068 /* Store.swift */; };
		17A11D8DB32AFE123BE26956 /* Assets.xcassets in Resources */ = {isa = PBXBuildFile; fileRef = F3E6B3337D3A8001B10F5E36 /* Assets.xcassets */; };
		2987168D46AAA0BCFE068F6E /* MainThreadRunner.swift in Sources */ = {isa = PBXBuildFile; fileRef = 6F58230E2B5D5FA8A7F4AB2D /* MainThreadRunner.swift */; };
		5EF2B0029F591F804948E2CF /* DTOBeer+Identifiable.swift in Sources */ = {isa = PBXBuildFile; fileRef = 1D5828B150B4AE07FD950AB9 /* DTOBeer+Identifiable.swift */; };
		69E2970672879B16FA9D6DA5 /* BeerStore.swift in Sources */ = {isa = PBXBuildFile; fileRef = DFDCBC3DA71DFC69E3DF922F /* BeerStore.swift */; };
		91B909538B5F9EC6458ABAA5 /* BeerListView.swift in Sources */ = {isa = PBXBuildFile; fileRef = 7EB0336EB9F782CDAD55069C /* BeerListView.swift */; };
		9C63A207619AE13CCB8ADE82 /* IndicatorView.swift in Sources */ = {isa = PBXBuildFile; fileRef = F7870E20AC528A4FBE03B190 /* IndicatorView.swift */; };
		9F01155EDBCC3F3B32AC9E86 /* ObservableObjectStore.swift in Sources */ = {isa = PBXBuildFile; fileRef = A778D7A70B00533CF4385244 /* ObservableObjectStore.swift */; };
		BEE6AD2ECDC604071114C4F8 /* BeerGalleryView.swift in Sources */ = {isa = PBXBuildFile; fileRef = 301923DA16A6945141B23D71 /* BeerGalleryView.swift */; };
		C4B990C522D20DD955775B6A /* BearFeatureState+Initial.swift in Sources */ = {isa = PBXBuildFile; fileRef = A9ED6C764444069E18977744 /* BearFeatureState+Initial.swift */; };
		C6AE221E679CE30412F95D2E /* BeerRowView.swift in Sources */ = {isa = PBXBuildFile; fileRef = 1AA7B8D4840B1423EF84A84D /* BeerRowView.swift */; };
		D65DDE4B0A8D9A2DB956F4C9 /* App.swift in Sources */ = {isa = PBXBuildFile; fileRef = 449C60D47612185E3E430296 /* App.swift */; };
/* End PBXBuildFile section */

/* Begin PBXFileReference section */
		16D9983A3247EFA84C3CD068 /* Store.swift */ = {isa = PBXFileReference; lastKnownFileType = sourcecode.swift; path = Store.swift; sourceTree = "<group>"; };
		17EA437B29C412047A7E122F /* README.md */ = {isa = PBXFileReference; lastKnownFileType = net.daringfireball.markdown; path = README.md; sourceTree = "<group>"; };
		1AA7B8D4840B1423EF84A84D /* BeerRowView.swift */ = {isa = PBXFileReference; lastKnownFileType = sourcecode.swift; path = BeerRowView.swift; sourceTree = "<group>"; };
		1D5828B150B4AE07FD950AB9 /* DTOBeer+Identifiable.swift */ = {isa = PBXFileReference; lastKnownFileType = sourcecode.swift; path = "DTOBeer+Identifiable.swift"; sourceTree = "<group>"; };
		246DC4CD3FA60DFDA45B7132 /* TestApp.app */ = {isa = PBXFileReference; explicitFileType = wrapper.application; includeInIndex = 0; path = TestApp.app; sourceTree = BUILT_PRODUCTS_DIR; };
		301923DA16A6945141B23D71 /* BeerGalleryView.swift */ = {isa = PBXFileReference; lastKnownFileType = sourcecode.swift; path = BeerGalleryView.swift; sourceTree = "<group>"; };
		395B7251F0B5E17205E12461 /* Info.plist */ = {isa = PBXFileReference; lastKnownFileType = text.plist; path = Info.plist; sourceTree = "<group>"; };
		449C60D47612185E3E430296 /* App.swift */ = {isa = PBXFileReference; lastKnownFileType = sourcecode.swift; path = App.swift; sourceTree = "<group>"; };
		6F58230E2B5D5FA8A7F4AB2D /* MainThreadRunner.swift */ = {isa = PBXFileReference; lastKnownFileType = sourcecode.swift; path = MainThreadRunner.swift; sourceTree = "<group>"; };
		7EB0336EB9F782CDAD55069C /* BeerListView.swift */ = {isa = PBXFileReference; lastKnownFileType = sourcecode.swift; path = BeerListView.swift; sourceTree = "<group>"; };
		A778D7A70B00533CF4385244 /* ObservableObjectStore.swift */ = {isa = PBXFileReference; lastKnownFileType = sourcecode.swift; path = ObservableObjectStore.swift; sourceTree = "<group>"; };
		A9ED6C764444069E18977744 /* BearFeatureState+Initial.swift */ = {isa = PBXFileReference; lastKnownFileType = sourcecode.swift; path = "BearFeatureState+Initial.swift"; sourceTree = "<group>"; };
		DECE6362E2C9D3972BA59F49 /* project.yml */ = {isa = PBXFileReference; lastKnownFileType = text.yaml; path = project.yml; sourceTree = "<group>"; };
		DFDCBC3DA71DFC69E3DF922F /* BeerStore.swift */ = {isa = PBXFileReference; lastKnownFileType = sourcecode.swift; path = BeerStore.swift; sourceTree = "<group>"; };
		F3E6B3337D3A8001B10F5E36 /* Assets.xcassets */ = {isa = PBXFileReference; lastKnownFileType = folder.assetcatalog; path = Assets.xcassets; sourceTree = "<group>"; };
		F7870E20AC528A4FBE03B190 /* IndicatorView.swift */ = {isa = PBXFileReference; lastKnownFileType = sourcecode.swift; path = IndicatorView.swift; sourceTree = "<group>"; };
/* End PBXFileReference section */

/* Begin PBXGroup section */
		1ED26426925A9C10B3DC859C = {
			isa = PBXGroup;
			children = (
				DECE6362E2C9D3972BA59F49 /* project.yml */,
				17EA437B29C412047A7E122F /* README.md */,
				DE3A9F7FDF76C6B0B8FB2FFC /* Sources */,
				373576F027873391B8FAC423 /* Products */,
			);
			indentWidth = 4;
			sourceTree = "<group>";
			tabWidth = 4;
			usesTabs = 1;
		};
		361FB8AB5E5808AD788C6FEE /* Views */ = {
			isa = PBXGroup;
			children = (
				301923DA16A6945141B23D71 /* BeerGalleryView.swift */,
				7EB0336EB9F782CDAD55069C /* BeerListView.swift */,
				1AA7B8D4840B1423EF84A84D /* BeerRowView.swift */,
				F7870E20AC528A4FBE03B190 /* IndicatorView.swift */,
			);
			path = Views;
			sourceTree = "<group>";
		};
		373576F027873391B8FAC423 /* Products */ = {
			isa = PBXGroup;
			children = (
				246DC4CD3FA60DFDA45B7132 /* TestApp.app */,
			);
			name = Products;
			sourceTree = "<group>";
		};
		4DAEF443CC53DDC895888208 /* Utilities */ = {
			isa = PBXGroup;
			children = (
				6F58230E2B5D5FA8A7F4AB2D /* MainThreadRunner.swift */,
			);
			path = Utilities;
			sourceTree = "<group>";
		};
		A7CD484670F7D1ADC4AE9645 /* AppArchitecture */ = {
			isa = PBXGroup;
			children = (
				A778D7A70B00533CF4385244 /* ObservableObjectStore.swift */,
				16D9983A3247EFA84C3CD068 /* Store.swift */,
			);
			path = AppArchitecture;
			sourceTree = "<group>";
		};
		B6FF3A506F344E357408A9BA /* TestApp */ = {
			isa = PBXGroup;
			children = (
				449C60D47612185E3E430296 /* App.swift */,
				395B7251F0B5E17205E12461 /* Info.plist */,
				A7CD484670F7D1ADC4AE9645 /* AppArchitecture */,
				C0DA0874358085B0C87AE232 /* BeerGallery */,
				FF04E2505246B66786895A51 /* Resources */,
				4DAEF443CC53DDC895888208 /* Utilities */,
			);
			path = TestApp;
			sourceTree = "<group>";
		};
		BD95756B72663F93EF1544D4 /* Data */ = {
			isa = PBXGroup;
			children = (
				A9ED6C764444069E18977744 /* BearFeatureState+Initial.swift */,
				1D5828B150B4AE07FD950AB9 /* DTOBeer+Identifiable.swift */,
			);
			path = Data;
			sourceTree = "<group>";
		};
		C0DA0874358085B0C87AE232 /* BeerGallery */ = {
			isa = PBXGroup;
			children = (
				DFDCBC3DA71DFC69E3DF922F /* BeerStore.swift */,
				BD95756B72663F93EF1544D4 /* Data */,
				361FB8AB5E5808AD788C6FEE /* Views */,
			);
			path = BeerGallery;
			sourceTree = "<group>";
		};
		DE3A9F7FDF76C6B0B8FB2FFC /* Sources */ = {
			isa = PBXGroup;
			children = (
				B6FF3A506F344E357408A9BA /* TestApp */,
			);
			path = Sources;
			sourceTree = "<group>";
		};
		FF04E2505246B66786895A51 /* Resources */ = {
			isa = PBXGroup;
			children = (
				F3E6B3337D3A8001B10F5E36 /* Assets.xcassets */,
			);
			path = Resources;
			sourceTree = "<group>";
		};
/* End PBXGroup section */

/* Begin PBXNativeTarget section */
		BED194980D56484BC288A866 /* TestApp */ = {
			isa = PBXNativeTarget;
			buildConfigurationList = 47A9012EDB4684A014A29EC4 /* Build configuration list for PBXNativeTarget "TestApp" */;
			buildPhases = (
				30A7A5CE33A09437B45EDE4E /* Embed KMM Library */,
				F8E9582A14D6D60C1727FDD4 /* Sources */,
				4E709BC17A880D20E0A6C284 /* Resources */,
			);
			buildRules = (
			);
			dependencies = (
			);
			name = TestApp;
			productName = TestApp;
			productReference = 246DC4CD3FA60DFDA45B7132 /* TestApp.app */;
			productType = "com.apple.product-type.application";
		};
/* End PBXNativeTarget section */

/* Begin PBXProject section */
		5209D1649D65E2E4571D1A5E /* Project object */ = {
			isa = PBXProject;
			attributes = {
				LastUpgradeCheck = 1200;
				ORGANIZATIONNAME = Sberbank;
				TargetAttributes = {
					BED194980D56484BC288A866 = {
						DevelopmentTeam = "$(SBOL_DEVELOPMENT_TEAM)";
						ProvisioningStyle = Manual;
					};
				};
			};
			buildConfigurationList = FC32794C41F64083434098C8 /* Build configuration list for PBXProject "TestApp" */;
			compatibilityVersion = "Xcode 11.0";
			developmentRegion = ru;
			hasScannedForEncodings = 0;
			knownRegions = (
				Base,
				ru,
			);
			mainGroup = 1ED26426925A9C10B3DC859C;
			projectDirPath = "";
			projectRoot = "";
			targets = (
				BED194980D56484BC288A866 /* TestApp */,
			);
		};
/* End PBXProject section */

/* Begin PBXResourcesBuildPhase section */
		4E709BC17A880D20E0A6C284 /* Resources */ = {
			isa = PBXResourcesBuildPhase;
			buildActionMask = 2147483647;
			files = (
				17A11D8DB32AFE123BE26956 /* Assets.xcassets in Resources */,
			);
			runOnlyForDeploymentPostprocessing = 0;
		};
/* End PBXResourcesBuildPhase section */

/* Begin PBXShellScriptBuildPhase section */
		30A7A5CE33A09437B45EDE4E /* Embed KMM Library */ = {
			isa = PBXShellScriptBuildPhase;
			buildActionMask = 2147483647;
			files = (
			);
			inputFileListPaths = (
			);
			inputPaths = (
			);
			name = "Embed KMM Library";
			outputFileListPaths = (
			);
			outputPaths = (
			);
			runOnlyForDeploymentPostprocessing = 0;
			shellPath = /bin/sh;
			shellScript = "cd \"${SRCROOT}/../../../../\"\n./gradlew :Mobile:BeerGallery:embedAndSignAppleFrameworkForXcode\n./gradlew :Multiplatform:Architecture:embedAndSignAppleFrameworkForXcode\n";
		};
/* End PBXShellScriptBuildPhase section */

/* Begin PBXSourcesBuildPhase section */
		F8E9582A14D6D60C1727FDD4 /* Sources */ = {
			isa = PBXSourcesBuildPhase;
			buildActionMask = 2147483647;
			files = (
				D65DDE4B0A8D9A2DB956F4C9 /* App.swift in Sources */,
				C4B990C522D20DD955775B6A /* BearFeatureState+Initial.swift in Sources */,
				BEE6AD2ECDC604071114C4F8 /* BeerGalleryView.swift in Sources */,
				91B909538B5F9EC6458ABAA5 /* BeerListView.swift in Sources */,
				C6AE221E679CE30412F95D2E /* BeerRowView.swift in Sources */,
				69E2970672879B16FA9D6DA5 /* BeerStore.swift in Sources */,
				5EF2B0029F591F804948E2CF /* DTOBeer+Identifiable.swift in Sources */,
				9C63A207619AE13CCB8ADE82 /* IndicatorView.swift in Sources */,
				2987168D46AAA0BCFE068F6E /* MainThreadRunner.swift in Sources */,
				9F01155EDBCC3F3B32AC9E86 /* ObservableObjectStore.swift in Sources */,
				06EA5FB9D37ED9B243838661 /* Store.swift in Sources */,
			);
			runOnlyForDeploymentPostprocessing = 0;
		};
/* End PBXSourcesBuildPhase section */

/* Begin XCBuildConfiguration section */
		0F79C3FBB78E97C4D44DA722 /* Release */ = {
			isa = XCBuildConfiguration;
			buildSettings = {
				ALWAYS_SEARCH_USER_PATHS = NO;
				ASSETCATALOG_COMPILER_OPTIMIZATION = space;
				CLANG_ANALYZER_LOCALIZABILITY_NONLOCALIZED = YES;
				CLANG_ANALYZER_NONNULL = YES;
				CLANG_ANALYZER_NUMBER_OBJECT_CONVERSION = YES_AGGRESSIVE;
				CLANG_ENABLE_MODULES = YES;
				CLANG_ENABLE_OBJC_ARC = YES;
				CLANG_ENABLE_OBJC_WEAK = YES;
				CLANG_MODULES_AUTOLINK = NO;
				CLANG_WARN_BLOCK_CAPTURE_AUTORELEASING = YES;
				CLANG_WARN_BOOL_CONVERSION = YES;
				CLANG_WARN_COMMA = YES;
				CLANG_WARN_CONSTANT_CONVERSION = YES;
				CLANG_WARN_DEPRECATED_OBJC_IMPLEMENTATIONS = YES;
				CLANG_WARN_DIRECT_OBJC_ISA_USAGE = YES_ERROR;
				CLANG_WARN_DOCUMENTATION_COMMENTS = YES;
				CLANG_WARN_EMPTY_BODY = YES;
				CLANG_WARN_ENUM_CONVERSION = YES;
				CLANG_WARN_INFINITE_RECURSION = YES;
				CLANG_WARN_INT_CONVERSION = YES;
				CLANG_WARN_NON_LITERAL_NULL_CONVERSION = YES;
				CLANG_WARN_OBJC_IMPLICIT_RETAIN_SELF = YES;
				CLANG_WARN_OBJC_LITERAL_CONVERSION = YES;
				CLANG_WARN_OBJC_ROOT_CLASS = YES_ERROR;
				CLANG_WARN_RANGE_LOOP_ANALYSIS = YES;
				CLANG_WARN_STRICT_PROTOTYPES = YES;
				CLANG_WARN_SUSPICIOUS_MOVE = YES;
				CLANG_WARN_UNGUARDED_AVAILABILITY = YES_AGGRESSIVE;
				CLANG_WARN_UNREACHABLE_CODE = YES;
				CLANG_WARN__DUPLICATE_METHOD_MATCH = YES;
				CODE_SIGN_IDENTITY = "iPhone Distribution";
				CODE_SIGN_STYLE = Manual;
				COPY_PHASE_STRIP = YES;
				CURRENT_PROJECT_VERSION = 1;
				DEBUG_INFORMATION_FORMAT = "dwarf-with-dsym";
				DEVELOPMENT_TEAM = "$(SBOL_DEVELOPMENT_TEAM)";
				ENABLE_BITCODE = NO;
				ENABLE_NS_ASSERTIONS = NO;
				ENABLE_STRICT_OBJC_MSGSEND = YES;
				ENABLE_TESTABILITY = NO;
				FRAMEWORK_SEARCH_PATHS = "${inherited}";
				GCC_C_LANGUAGE_STANDARD = gnu11;
				GCC_DYNAMIC_NO_PIC = YES;
				GCC_NO_COMMON_BLOCKS = YES;
				GCC_OPTIMIZATION_LEVEL = s;
				GCC_PREPROCESSOR_DEFINITIONS = (
					"$(GCC_PREPROCESSOR_DEFINITIONS_COMMON)",
					"RELEASE=1",
				);
				GCC_PREPROCESSOR_DEFINITIONS_COMMON = "$(inherited) $(GPB_SETTINGS) GLES_SILENCE_DEPRECATION";
				GCC_TREAT_WARNINGS_AS_ERRORS = YES;
				GCC_WARN_64_TO_32_BIT_CONVERSION = YES;
				GCC_WARN_ABOUT_RETURN_TYPE = YES_ERROR;
				GCC_WARN_UNDECLARED_SELECTOR = YES;
				GCC_WARN_UNINITIALIZED_AUTOS = YES_AGGRESSIVE;
				GCC_WARN_UNUSED_FUNCTION = YES;
				GCC_WARN_UNUSED_VARIABLE = YES;
				GPB_SETTINGS = "GPB_USE_PROTOBUF_FRAMEWORK_IMPORTS=1 GPB_GRPC_FORWARD_DECLARE_MESSAGE_PROTO=1";
				INFOPLIST_FILE = Sources/TestApp/Info.plist;
				IPHONEOS_DEPLOYMENT_TARGET = 15.4;
				LD_RUNPATH_SEARCH_PATHS = (
					"$(inherited)",
					"@executable_path/Frameworks",
					"@loader_path/Frameworks",
					"@executable_path/../../Frameworks",
				);
				MARKETING_VERSION = 22.12.1001;
				ONLY_ACTIVE_ARCH = NO;
				OTHER_CFLAGS = (
					"-Xclang",
					"-fno-autolink",
				);
				OTHER_CODE_SIGN_FLAGS = "$(inherited) --generate-entitlement-der";
				OTHER_CPLUSPLUSFLAGS = "-std=c++11";
				OTHER_LDFLAGS = (
					"$(inherited)",
					"-ObjC",
					"-all_load",
				);
				PRODUCT_BUNDLE_IDENTIFIER = "ru.sberbank.sberdevices.$(PROJECT_NAME:lower:c99extidentifier)$(PRODUCT_ID_SUFFIX)";
				PRODUCT_NAME = "$(TARGET_NAME:c99extidentifier)";
				SDKROOT = iphoneos;
				STRIP_INSTALLED_PRODUCT = YES;
				SUPPORTS_MACCATALYST = NO;
				SWIFT_ACTIVE_COMPILATION_CONDITIONS = "$(BUILD_TYPE) RELEASE";
				SWIFT_COMPILATION_MODE = wholemodule;
				SWIFT_EMIT_LOC_STRINGS = YES;
				SWIFT_OPTIMIZATION_LEVEL = "-O";
				SWIFT_VERSION = 5.7;
				TARGETED_DEVICE_FAMILY = 1;
				VALIDATE_PRODUCT = YES;
				VERSIONING_SYSTEM = "apple-generic";
				WARNING_CFLAGS = (
					"-Werror=arc-performSelector-leaks",
					"-Werror=arc-retain-cycles",
					"-Werror=array-bounds",
					"-Werror=auto-var-id",
					"-Werror=bool-conversion",
					"-Werror=comma",
					"-Werror=conditional-type-mismatch",
					"-Werror=dealloc-in-category",
					"-Werror=documentation",
					"-Werror=duplicate-decl-specifier",
					"-Werror=duplicate-enum",
					"-Werror=duplicate-method-arg",
					"-Werror=duplicate-method-match",
					"-Werror=duplicate-protocol",
					"-Werror=empty-body",
					"-Werror=empty-translation-unit",
					"-Werror=enum-too-large",
					"-Werror=explicit-initialize-call",
					"-Werror=explicit-ownership-type",
					"-Werror=format",
					"-Werror=implicit-exception-spec-mismatch",
					"-Werror=implicit-fallthrough",
					"-Werror=implicit-retain-self",
					"-Werror=incompatible-function-pointer-types",
					"-Werror=incompatible-pointer-types",
					"-Werror=incompatible-property-type",
					"-Werror=incomplete-implementation",
					"-Werror=incomplete-umbrella",
					"-Werror=infinite-recursion",
					"-Werror=int-conversion",
					"-Werror=integer-overflow",
					"-Werror=invalid-ios-deployment-target",
					"-Werror=missing-selector-name",
					"-Werror=newline-eof",
					"-Werror=nonnull",
					"-Werror=nullability",
					"-Werror=nullability-completeness",
					"-Werror=nullability-declspec",
					"-Werror=objc-autosynthesis-property-ivar-name-match",
					"-Werror=objc-designated-initializers",
					"-Werror=objc-forward-class-redefinition",
					"-Werror=objc-literal-conversion",
					"-Werror=objc-macro-redefinition",
					"-Werror=objc-method-access",
					"-Werror=objc-missing-super-calls",
					"-Werror=objc-multiple-method-names",
					"-Werror=objc-property-implementation",
					"-Werror=objc-property-implicit-mismatch",
					"-Werror=objc-property-matches-cocoa-ownership-rule",
					"-Werror=objc-property-no-attribute",
					"-Werror=objc-property-synthesis",
					"-Werror=objc-protocol-property-synthesis",
					"-Werror=objc-protocol-qualifiers",
					"-Werror=objc-readonly-with-setter-property",
					"-Werror=objc-redundant-literal-use",
					"-Werror=objc-root-class",
					"-Werror=objc-string-concatenation",
					"-Werror=objc-unsafe-perform-selector",
					"-Werror=pointer-sign",
					"-Werror=pointer-type-mismatch",
					"-Werror=property-access-dot-syntax",
					"-Werror=property-attribute-mismatch",
					"-Werror=protocol",
					"-Werror=semicolon-before-method-body",
					"-Werror=strict-prototypes",
					"-Werror=switch",
					"-Werror=tautological-compare",
					"-Werror=type-safety",
					"-Werror=typedef-redefinition",
					"-Werror=typename-missing",
					"-Werror=unavailable-declarations",
					"-Werror=undeclared-selector",
					"-Werror=undeclared-selector",
					"-Werror=unreachable-code",
					"-Werror=unused-comparison",
					"-Werror=unused-const-variable",
					"-Werror=unused-const-variable",
					"-Werror=unused-function",
					"-Werror=unused-getter-return-value",
					"-Werror=unused-local-typedefs",
					"-Werror=unused-macros",
					"-Werror=unused-result",
					"-Werror=unused-variable\n",
				);
			};
			name = Release;
		};
		2EA48E7CB2DA558BACD67CDF /* Release */ = {
			isa = XCBuildConfiguration;
			buildSettings = {
				ALWAYS_SEARCH_USER_PATHS = NO;
				APP_BASE_PRODUCT_IDENTIFIER = "$(SALUTE_C2C_BUNDLE_ID_RELEASE)";
				APP_BASE_PROFILE_IDENTIFIER = "$(SALUTE_C2C_BASE_PROFILE_IDENTIFIER_RELEASE)";
				ASSETCATALOG_COMPILER_OPTIMIZATION = space;
				CLANG_ANALYZER_LOCALIZABILITY_NONLOCALIZED = YES;
				CLANG_ANALYZER_NONNULL = YES;
				CLANG_ANALYZER_NUMBER_OBJECT_CONVERSION = YES_AGGRESSIVE;
				CLANG_ENABLE_MODULES = YES;
				CLANG_ENABLE_OBJC_ARC = YES;
				CLANG_ENABLE_OBJC_WEAK = YES;
				CLANG_MODULES_AUTOLINK = NO;
				CLANG_WARN_BLOCK_CAPTURE_AUTORELEASING = YES;
				CLANG_WARN_BOOL_CONVERSION = YES;
				CLANG_WARN_COMMA = YES;
				CLANG_WARN_CONSTANT_CONVERSION = YES;
				CLANG_WARN_DEPRECATED_OBJC_IMPLEMENTATIONS = YES;
				CLANG_WARN_DIRECT_OBJC_ISA_USAGE = YES_ERROR;
				CLANG_WARN_DOCUMENTATION_COMMENTS = YES;
				CLANG_WARN_EMPTY_BODY = YES;
				CLANG_WARN_ENUM_CONVERSION = YES;
				CLANG_WARN_INFINITE_RECURSION = YES;
				CLANG_WARN_INT_CONVERSION = YES;
				CLANG_WARN_NON_LITERAL_NULL_CONVERSION = YES;
				CLANG_WARN_OBJC_IMPLICIT_RETAIN_SELF = YES;
				CLANG_WARN_OBJC_LITERAL_CONVERSION = YES;
				CLANG_WARN_OBJC_ROOT_CLASS = YES_ERROR;
				CLANG_WARN_RANGE_LOOP_ANALYSIS = YES;
				CLANG_WARN_STRICT_PROTOTYPES = YES;
				CLANG_WARN_SUSPICIOUS_MOVE = YES;
				CLANG_WARN_UNGUARDED_AVAILABILITY = YES_AGGRESSIVE;
				CLANG_WARN_UNREACHABLE_CODE = YES;
				CLANG_WARN__DUPLICATE_METHOD_MATCH = YES;
				CODE_SIGN_STYLE = Manual;
				COPY_PHASE_STRIP = YES;
				CURRENT_PROJECT_VERSION = 1;
				DEBUG_INFORMATION_FORMAT = "dwarf-with-dsym";
				DEVELOPMENT_TEAM = "$(SBOL_DEVELOPMENT_TEAM)";
				ENABLE_BITCODE = YES;
				ENABLE_NS_ASSERTIONS = NO;
				ENABLE_STRICT_OBJC_MSGSEND = YES;
				ENABLE_TESTABILITY = NO;
				FRAMEWORK_SEARCH_PATHS = (
					"$(SRCROOT)/../../../../Multiplatform/Architecture/.gradle_build/xcode-frameworks/$(CONFIGURATION)/$(SDK_NAME)",
					"$(SRCROOT)/../../../BeerGallery/.gradle_build/xcode-frameworks/$(CONFIGURATION)/$(SDK_NAME)",
				);
				GCC_C_LANGUAGE_STANDARD = gnu11;
				GCC_DYNAMIC_NO_PIC = YES;
				GCC_NO_COMMON_BLOCKS = YES;
				GCC_OPTIMIZATION_LEVEL = s;
				GCC_PREPROCESSOR_DEFINITIONS = (
					"$(GCC_PREPROCESSOR_DEFINITIONS_COMMON)",
					"RELEASE=1",
				);
				GCC_PREPROCESSOR_DEFINITIONS_COMMON = "$(inherited) $(GPB_SETTINGS) GLES_SILENCE_DEPRECATION";
				GCC_TREAT_WARNINGS_AS_ERRORS = YES;
				GCC_WARN_64_TO_32_BIT_CONVERSION = YES;
				GCC_WARN_ABOUT_RETURN_TYPE = YES_ERROR;
				GCC_WARN_UNDECLARED_SELECTOR = YES;
				GCC_WARN_UNINITIALIZED_AUTOS = YES_AGGRESSIVE;
				GCC_WARN_UNUSED_FUNCTION = YES;
				GCC_WARN_UNUSED_VARIABLE = YES;
				GPB_SETTINGS = "GPB_USE_PROTOBUF_FRAMEWORK_IMPORTS=1 GPB_GRPC_FORWARD_DECLARE_MESSAGE_PROTO=1";
				IPHONEOS_DEPLOYMENT_TARGET = 15.4;
				JAVA_HOME = /Users/alex/.sdkman/candidates/java/current;
				LD_RUNPATH_SEARCH_PATHS = (
					"$(inherited)",
					"@executable_path/Frameworks",
					"@loader_path/Frameworks",
				);
				MARKETING_VERSION = 22.12.1001;
				ONLY_ACTIVE_ARCH = NO;
				OTHER_CFLAGS = (
					"-Xclang",
					"-fno-autolink",
				);
				OTHER_CPLUSPLUSFLAGS = "-std=c++11";
				OTHER_LDFLAGS = (
					"$(inherited)",
					"-framework",
					BeerGallery,
					"-framework",
					Architecture,
				);
				PRODUCT_BUNDLE_IDENTIFIER = "ru.sberbank.sberdevices.$(PROJECT_NAME:lower:c99extidentifier)$(PRODUCT_ID_SUFFIX)";
				PRODUCT_NAME = "$(TARGET_NAME:c99extidentifier)";
				SDKROOT = iphoneos;
				STRIP_INSTALLED_PRODUCT = YES;
				SUPPORTS_MACCATALYST = NO;
				SWIFT_ACTIVE_COMPILATION_CONDITIONS = "$(BUILD_TYPE) RELEASE";
				SWIFT_COMPILATION_MODE = wholemodule;
				SWIFT_EMIT_LOC_STRINGS = YES;
				SWIFT_OPTIMIZATION_LEVEL = "-O";
				SWIFT_VERSION = 5.7;
				TARGETED_DEVICE_FAMILY = 1;
				VALIDATE_PRODUCT = YES;
				VERSIONING_SYSTEM = "apple-generic";
				WARNING_CFLAGS = (
					"-Werror=arc-performSelector-leaks",
					"-Werror=arc-retain-cycles",
					"-Werror=array-bounds",
					"-Werror=auto-var-id",
					"-Werror=bool-conversion",
					"-Werror=comma",
					"-Werror=conditional-type-mismatch",
					"-Werror=dealloc-in-category",
					"-Werror=documentation",
					"-Werror=duplicate-decl-specifier",
					"-Werror=duplicate-enum",
					"-Werror=duplicate-method-arg",
					"-Werror=duplicate-method-match",
					"-Werror=duplicate-protocol",
					"-Werror=empty-body",
					"-Werror=empty-translation-unit",
					"-Werror=enum-too-large",
					"-Werror=explicit-initialize-call",
					"-Werror=explicit-ownership-type",
					"-Werror=format",
					"-Werror=implicit-exception-spec-mismatch",
					"-Werror=implicit-fallthrough",
					"-Werror=implicit-retain-self",
					"-Werror=incompatible-function-pointer-types",
					"-Werror=incompatible-pointer-types",
					"-Werror=incompatible-property-type",
					"-Werror=incomplete-implementation",
					"-Werror=incomplete-umbrella",
					"-Werror=infinite-recursion",
					"-Werror=int-conversion",
					"-Werror=integer-overflow",
					"-Werror=invalid-ios-deployment-target",
					"-Werror=missing-selector-name",
					"-Werror=newline-eof",
					"-Werror=nonnull",
					"-Werror=nullability",
					"-Werror=nullability-completeness",
					"-Werror=nullability-declspec",
					"-Werror=objc-autosynthesis-property-ivar-name-match",
					"-Werror=objc-designated-initializers",
					"-Werror=objc-forward-class-redefinition",
					"-Werror=objc-literal-conversion",
					"-Werror=objc-macro-redefinition",
					"-Werror=objc-method-access",
					"-Werror=objc-missing-super-calls",
					"-Werror=objc-multiple-method-names",
					"-Werror=objc-property-implementation",
					"-Werror=objc-property-implicit-mismatch",
					"-Werror=objc-property-matches-cocoa-ownership-rule",
					"-Werror=objc-property-no-attribute",
					"-Werror=objc-property-synthesis",
					"-Werror=objc-protocol-property-synthesis",
					"-Werror=objc-protocol-qualifiers",
					"-Werror=objc-readonly-with-setter-property",
					"-Werror=objc-redundant-literal-use",
					"-Werror=objc-root-class",
					"-Werror=objc-string-concatenation",
					"-Werror=objc-unsafe-perform-selector",
					"-Werror=pointer-sign",
					"-Werror=pointer-type-mismatch",
					"-Werror=property-access-dot-syntax",
					"-Werror=property-attribute-mismatch",
					"-Werror=protocol",
					"-Werror=semicolon-before-method-body",
					"-Werror=strict-prototypes",
					"-Werror=switch",
					"-Werror=tautological-compare",
					"-Werror=type-safety",
					"-Werror=typedef-redefinition",
					"-Werror=typename-missing",
					"-Werror=unavailable-declarations",
					"-Werror=undeclared-selector",
					"-Werror=undeclared-selector",
					"-Werror=unreachable-code",
					"-Werror=unused-comparison",
					"-Werror=unused-const-variable",
					"-Werror=unused-const-variable",
					"-Werror=unused-function",
					"-Werror=unused-getter-return-value",
					"-Werror=unused-local-typedefs",
					"-Werror=unused-macros",
					"-Werror=unused-result",
					"-Werror=unused-variable\n",
				);
			};
			name = Release;
		};
		659551D26C0576CE08516625 /* Debug */ = {
			isa = XCBuildConfiguration;
			buildSettings = {
				ALWAYS_SEARCH_USER_PATHS = NO;
				ASSETCATALOG_COMPILER_OPTIMIZATION = time;
				CLANG_ANALYZER_LOCALIZABILITY_NONLOCALIZED = YES;
				CLANG_ANALYZER_NONNULL = YES;
				CLANG_ANALYZER_NUMBER_OBJECT_CONVERSION = YES_AGGRESSIVE;
				CLANG_ENABLE_MODULES = YES;
				CLANG_ENABLE_OBJC_ARC = YES;
				CLANG_ENABLE_OBJC_WEAK = YES;
				CLANG_MODULES_AUTOLINK = NO;
				CLANG_WARN_BLOCK_CAPTURE_AUTORELEASING = YES;
				CLANG_WARN_BOOL_CONVERSION = YES;
				CLANG_WARN_COMMA = YES;
				CLANG_WARN_CONSTANT_CONVERSION = YES;
				CLANG_WARN_DEPRECATED_OBJC_IMPLEMENTATIONS = YES;
				CLANG_WARN_DIRECT_OBJC_ISA_USAGE = YES_ERROR;
				CLANG_WARN_DOCUMENTATION_COMMENTS = YES;
				CLANG_WARN_EMPTY_BODY = YES;
				CLANG_WARN_ENUM_CONVERSION = YES;
				CLANG_WARN_INFINITE_RECURSION = YES;
				CLANG_WARN_INT_CONVERSION = YES;
				CLANG_WARN_NON_LITERAL_NULL_CONVERSION = YES;
				CLANG_WARN_OBJC_IMPLICIT_RETAIN_SELF = YES;
				CLANG_WARN_OBJC_LITERAL_CONVERSION = YES;
				CLANG_WARN_OBJC_ROOT_CLASS = YES_ERROR;
				CLANG_WARN_RANGE_LOOP_ANALYSIS = YES;
				CLANG_WARN_STRICT_PROTOTYPES = YES;
				CLANG_WARN_SUSPICIOUS_MOVE = YES;
				CLANG_WARN_UNGUARDED_AVAILABILITY = YES_AGGRESSIVE;
				CLANG_WARN_UNREACHABLE_CODE = YES;
				CLANG_WARN__DUPLICATE_METHOD_MATCH = YES;
				CODE_SIGN_IDENTITY = "iPhone Developer";
				CODE_SIGN_STYLE = Manual;
				COPY_PHASE_STRIP = NO;
				CURRENT_PROJECT_VERSION = 1;
				DEBUG_INFORMATION_FORMAT = dwarf;
				DEVELOPMENT_TEAM = "$(SBOL_DEVELOPMENT_TEAM)";
				ENABLE_BITCODE = NO;
				ENABLE_NS_ASSERTIONS = YES;
				ENABLE_STRICT_OBJC_MSGSEND = YES;
				ENABLE_TESTABILITY = YES;
				FRAMEWORK_SEARCH_PATHS = "${inherited}";
				GCC_C_LANGUAGE_STANDARD = gnu11;
				GCC_DYNAMIC_NO_PIC = NO;
				GCC_NO_COMMON_BLOCKS = YES;
				GCC_OPTIMIZATION_LEVEL = 0;
				GCC_PREPROCESSOR_DEFINITIONS = (
					"$(GCC_PREPROCESSOR_DEFINITIONS_COMMON)",
					"DEBUG=1",
				);
				GCC_PREPROCESSOR_DEFINITIONS_COMMON = "$(inherited) $(GPB_SETTINGS) GLES_SILENCE_DEPRECATION";
				GCC_TREAT_WARNINGS_AS_ERRORS = YES;
				GCC_WARN_64_TO_32_BIT_CONVERSION = YES;
				GCC_WARN_ABOUT_RETURN_TYPE = YES_ERROR;
				GCC_WARN_UNDECLARED_SELECTOR = YES;
				GCC_WARN_UNINITIALIZED_AUTOS = YES_AGGRESSIVE;
				GCC_WARN_UNUSED_FUNCTION = YES;
				GCC_WARN_UNUSED_VARIABLE = YES;
				GPB_SETTINGS = "GPB_USE_PROTOBUF_FRAMEWORK_IMPORTS=1 GPB_GRPC_FORWARD_DECLARE_MESSAGE_PROTO=1";
				INFOPLIST_FILE = Sources/TestApp/Info.plist;
				IPHONEOS_DEPLOYMENT_TARGET = 15.4;
				LD_RUNPATH_SEARCH_PATHS = (
					"$(inherited)",
					"@executable_path/Frameworks",
					"@loader_path/Frameworks",
					"@executable_path/../../Frameworks",
				);
				MARKETING_VERSION = 22.12.1001;
				ONLY_ACTIVE_ARCH = YES;
				OTHER_CFLAGS = (
					"-Xclang",
					"-fno-autolink",
				);
				OTHER_CODE_SIGN_FLAGS = "$(inherited) --generate-entitlement-der";
				OTHER_CPLUSPLUSFLAGS = "-std=c++11";
				OTHER_LDFLAGS = (
					"$(inherited)",
					"-ObjC",
					"-all_load",
				);
				OTHER_SWIFT_FLAGS = "-Xfrontend -warn-long-function-bodies=150  -Xfrontend -warn-long-expression-type-checking=150\n";
				PRODUCT_BUNDLE_IDENTIFIER = "ru.sberbank.sberdevices.$(PROJECT_NAME:lower:c99extidentifier)$(PRODUCT_ID_SUFFIX)";
				PRODUCT_NAME = "$(TARGET_NAME:c99extidentifier)";
				SDKROOT = iphoneos;
				STRIP_INSTALLED_PRODUCT = NO;
				SUPPORTS_MACCATALYST = NO;
				SWIFT_ACTIVE_COMPILATION_CONDITIONS = "$(BUILD_TYPE) DEBUG";
				SWIFT_COMPILATION_MODE = incremental;
				SWIFT_EMIT_LOC_STRINGS = YES;
				SWIFT_OPTIMIZATION_LEVEL = "-Onone";
				SWIFT_VERSION = 5.7;
				TARGETED_DEVICE_FAMILY = 1;
				VALIDATE_PRODUCT = NO;
				VERSIONING_SYSTEM = "apple-generic";
				WARNING_CFLAGS = (
					"-Werror=arc-performSelector-leaks",
					"-Werror=arc-retain-cycles",
					"-Werror=array-bounds",
					"-Werror=auto-var-id",
					"-Werror=bool-conversion",
					"-Werror=comma",
					"-Werror=conditional-type-mismatch",
					"-Werror=dealloc-in-category",
					"-Werror=documentation",
					"-Werror=duplicate-decl-specifier",
					"-Werror=duplicate-enum",
					"-Werror=duplicate-method-arg",
					"-Werror=duplicate-method-match",
					"-Werror=duplicate-protocol",
					"-Werror=empty-body",
					"-Werror=empty-translation-unit",
					"-Werror=enum-too-large",
					"-Werror=explicit-initialize-call",
					"-Werror=explicit-ownership-type",
					"-Werror=format",
					"-Werror=implicit-exception-spec-mismatch",
					"-Werror=implicit-fallthrough",
					"-Werror=implicit-retain-self",
					"-Werror=incompatible-function-pointer-types",
					"-Werror=incompatible-pointer-types",
					"-Werror=incompatible-property-type",
					"-Werror=incomplete-implementation",
					"-Werror=incomplete-umbrella",
					"-Werror=infinite-recursion",
					"-Werror=int-conversion",
					"-Werror=integer-overflow",
					"-Werror=invalid-ios-deployment-target",
					"-Werror=missing-selector-name",
					"-Werror=newline-eof",
					"-Werror=nonnull",
					"-Werror=nullability",
					"-Werror=nullability-completeness",
					"-Werror=nullability-declspec",
					"-Werror=objc-autosynthesis-property-ivar-name-match",
					"-Werror=objc-designated-initializers",
					"-Werror=objc-forward-class-redefinition",
					"-Werror=objc-literal-conversion",
					"-Werror=objc-macro-redefinition",
					"-Werror=objc-method-access",
					"-Werror=objc-missing-super-calls",
					"-Werror=objc-multiple-method-names",
					"-Werror=objc-property-implementation",
					"-Werror=objc-property-implicit-mismatch",
					"-Werror=objc-property-matches-cocoa-ownership-rule",
					"-Werror=objc-property-no-attribute",
					"-Werror=objc-property-synthesis",
					"-Werror=objc-protocol-property-synthesis",
					"-Werror=objc-protocol-qualifiers",
					"-Werror=objc-readonly-with-setter-property",
					"-Werror=objc-redundant-literal-use",
					"-Werror=objc-root-class",
					"-Werror=objc-string-concatenation",
					"-Werror=objc-unsafe-perform-selector",
					"-Werror=pointer-sign",
					"-Werror=pointer-type-mismatch",
					"-Werror=property-access-dot-syntax",
					"-Werror=property-attribute-mismatch",
					"-Werror=protocol",
					"-Werror=semicolon-before-method-body",
					"-Werror=strict-prototypes",
					"-Werror=switch",
					"-Werror=tautological-compare",
					"-Werror=type-safety",
					"-Werror=typedef-redefinition",
					"-Werror=typename-missing",
					"-Werror=unavailable-declarations",
					"-Werror=undeclared-selector",
					"-Werror=undeclared-selector",
					"-Werror=unreachable-code",
					"-Werror=unused-comparison",
					"-Werror=unused-const-variable",
					"-Werror=unused-const-variable",
					"-Werror=unused-function",
					"-Werror=unused-getter-return-value",
					"-Werror=unused-local-typedefs",
					"-Werror=unused-macros",
					"-Werror=unused-result",
					"-Werror=unused-variable\n",
				);
			};
			name = Debug;
		};
		F0CF92268772E70E8650A390 /* Debug */ = {
			isa = XCBuildConfiguration;
			buildSettings = {
				ALWAYS_SEARCH_USER_PATHS = NO;
				APP_BASE_PRODUCT_IDENTIFIER = "$(SALUTE_C2C_BUNDLE_ID_DEVELOP)";
				APP_BASE_PROFILE_IDENTIFIER = "$(SALUTE_C2C_BASE_PROFILE_IDENTIFIER_DEVELOP)";
				ASSETCATALOG_COMPILER_OPTIMIZATION = time;
				CLANG_ANALYZER_LOCALIZABILITY_NONLOCALIZED = YES;
				CLANG_ANALYZER_NONNULL = YES;
				CLANG_ANALYZER_NUMBER_OBJECT_CONVERSION = YES_AGGRESSIVE;
				CLANG_ENABLE_MODULES = YES;
				CLANG_ENABLE_OBJC_ARC = YES;
				CLANG_ENABLE_OBJC_WEAK = YES;
				CLANG_MODULES_AUTOLINK = NO;
				CLANG_WARN_BLOCK_CAPTURE_AUTORELEASING = YES;
				CLANG_WARN_BOOL_CONVERSION = YES;
				CLANG_WARN_COMMA = YES;
				CLANG_WARN_CONSTANT_CONVERSION = YES;
				CLANG_WARN_DEPRECATED_OBJC_IMPLEMENTATIONS = YES;
				CLANG_WARN_DIRECT_OBJC_ISA_USAGE = YES_ERROR;
				CLANG_WARN_DOCUMENTATION_COMMENTS = YES;
				CLANG_WARN_EMPTY_BODY = YES;
				CLANG_WARN_ENUM_CONVERSION = YES;
				CLANG_WARN_INFINITE_RECURSION = YES;
				CLANG_WARN_INT_CONVERSION = YES;
				CLANG_WARN_NON_LITERAL_NULL_CONVERSION = YES;
				CLANG_WARN_OBJC_IMPLICIT_RETAIN_SELF = YES;
				CLANG_WARN_OBJC_LITERAL_CONVERSION = YES;
				CLANG_WARN_OBJC_ROOT_CLASS = YES_ERROR;
				CLANG_WARN_RANGE_LOOP_ANALYSIS = YES;
				CLANG_WARN_STRICT_PROTOTYPES = YES;
				CLANG_WARN_SUSPICIOUS_MOVE = YES;
				CLANG_WARN_UNGUARDED_AVAILABILITY = YES_AGGRESSIVE;
				CLANG_WARN_UNREACHABLE_CODE = YES;
				CLANG_WARN__DUPLICATE_METHOD_MATCH = YES;
				CODE_SIGN_STYLE = Manual;
				COPY_PHASE_STRIP = NO;
				CURRENT_PROJECT_VERSION = 1;
				DEBUG_INFORMATION_FORMAT = dwarf;
				DEVELOPMENT_TEAM = "$(SBOL_DEVELOPMENT_TEAM)";
				ENABLE_BITCODE = YES;
				ENABLE_NS_ASSERTIONS = YES;
				ENABLE_STRICT_OBJC_MSGSEND = YES;
				ENABLE_TESTABILITY = YES;
				FRAMEWORK_SEARCH_PATHS = (
					"$(SRCROOT)/../../../../Multiplatform/Architecture/.gradle_build/xcode-frameworks/$(CONFIGURATION)/$(SDK_NAME)",
					"$(SRCROOT)/../../../BeerGallery/.gradle_build/xcode-frameworks/$(CONFIGURATION)/$(SDK_NAME)",
				);
				GCC_C_LANGUAGE_STANDARD = gnu11;
				GCC_DYNAMIC_NO_PIC = NO;
				GCC_NO_COMMON_BLOCKS = YES;
				GCC_OPTIMIZATION_LEVEL = 0;
				GCC_PREPROCESSOR_DEFINITIONS = (
					"$(GCC_PREPROCESSOR_DEFINITIONS_COMMON)",
					"DEBUG=1",
				);
				GCC_PREPROCESSOR_DEFINITIONS_COMMON = "$(inherited) $(GPB_SETTINGS) GLES_SILENCE_DEPRECATION";
				GCC_TREAT_WARNINGS_AS_ERRORS = YES;
				GCC_WARN_64_TO_32_BIT_CONVERSION = YES;
				GCC_WARN_ABOUT_RETURN_TYPE = YES_ERROR;
				GCC_WARN_UNDECLARED_SELECTOR = YES;
				GCC_WARN_UNINITIALIZED_AUTOS = YES_AGGRESSIVE;
				GCC_WARN_UNUSED_FUNCTION = YES;
				GCC_WARN_UNUSED_VARIABLE = YES;
				GPB_SETTINGS = "GPB_USE_PROTOBUF_FRAMEWORK_IMPORTS=1 GPB_GRPC_FORWARD_DECLARE_MESSAGE_PROTO=1";
				IPHONEOS_DEPLOYMENT_TARGET = 15.4;
				JAVA_HOME = /Users/alex/.sdkman/candidates/java/current;
				LD_RUNPATH_SEARCH_PATHS = (
					"$(inherited)",
					"@executable_path/Frameworks",
					"@loader_path/Frameworks",
				);
				MARKETING_VERSION = 22.12.1001;
				ONLY_ACTIVE_ARCH = YES;
				OTHER_CFLAGS = (
					"-Xclang",
					"-fno-autolink",
				);
				OTHER_CPLUSPLUSFLAGS = "-std=c++11";
				OTHER_LDFLAGS = (
					"$(inherited)",
					"-framework",
					BeerGallery,
					"-framework",
					Architecture,
				);
				OTHER_SWIFT_FLAGS = "-Xfrontend -warn-long-function-bodies=150  -Xfrontend -warn-long-expression-type-checking=150\n";
				PRODUCT_BUNDLE_IDENTIFIER = "ru.sberbank.sberdevices.$(PROJECT_NAME:lower:c99extidentifier)$(PRODUCT_ID_SUFFIX)";
				PRODUCT_NAME = "$(TARGET_NAME:c99extidentifier)";
				SDKROOT = iphoneos;
				STRIP_INSTALLED_PRODUCT = NO;
				SUPPORTS_MACCATALYST = NO;
				SWIFT_ACTIVE_COMPILATION_CONDITIONS = "$(BUILD_TYPE) DEBUG";
				SWIFT_COMPILATION_MODE = incremental;
				SWIFT_EMIT_LOC_STRINGS = YES;
				SWIFT_OPTIMIZATION_LEVEL = "-Onone";
				SWIFT_VERSION = 5.7;
				TARGETED_DEVICE_FAMILY = 1;
				VALIDATE_PRODUCT = NO;
				VERSIONING_SYSTEM = "apple-generic";
				WARNING_CFLAGS = (
					"-Werror=arc-performSelector-leaks",
					"-Werror=arc-retain-cycles",
					"-Werror=array-bounds",
					"-Werror=auto-var-id",
					"-Werror=bool-conversion",
					"-Werror=comma",
					"-Werror=conditional-type-mismatch",
					"-Werror=dealloc-in-category",
					"-Werror=documentation",
					"-Werror=duplicate-decl-specifier",
					"-Werror=duplicate-enum",
					"-Werror=duplicate-method-arg",
					"-Werror=duplicate-method-match",
					"-Werror=duplicate-protocol",
					"-Werror=empty-body",
					"-Werror=empty-translation-unit",
					"-Werror=enum-too-large",
					"-Werror=explicit-initialize-call",
					"-Werror=explicit-ownership-type",
					"-Werror=format",
					"-Werror=implicit-exception-spec-mismatch",
					"-Werror=implicit-fallthrough",
					"-Werror=implicit-retain-self",
					"-Werror=incompatible-function-pointer-types",
					"-Werror=incompatible-pointer-types",
					"-Werror=incompatible-property-type",
					"-Werror=incomplete-implementation",
					"-Werror=incomplete-umbrella",
					"-Werror=infinite-recursion",
					"-Werror=int-conversion",
					"-Werror=integer-overflow",
					"-Werror=invalid-ios-deployment-target",
					"-Werror=missing-selector-name",
					"-Werror=newline-eof",
					"-Werror=nonnull",
					"-Werror=nullability",
					"-Werror=nullability-completeness",
					"-Werror=nullability-declspec",
					"-Werror=objc-autosynthesis-property-ivar-name-match",
					"-Werror=objc-designated-initializers",
					"-Werror=objc-forward-class-redefinition",
					"-Werror=objc-literal-conversion",
					"-Werror=objc-macro-redefinition",
					"-Werror=objc-method-access",
					"-Werror=objc-missing-super-calls",
					"-Werror=objc-multiple-method-names",
					"-Werror=objc-property-implementation",
					"-Werror=objc-property-implicit-mismatch",
					"-Werror=objc-property-matches-cocoa-ownership-rule",
					"-Werror=objc-property-no-attribute",
					"-Werror=objc-property-synthesis",
					"-Werror=objc-protocol-property-synthesis",
					"-Werror=objc-protocol-qualifiers",
					"-Werror=objc-readonly-with-setter-property",
					"-Werror=objc-redundant-literal-use",
					"-Werror=objc-root-class",
					"-Werror=objc-string-concatenation",
					"-Werror=objc-unsafe-perform-selector",
					"-Werror=pointer-sign",
					"-Werror=pointer-type-mismatch",
					"-Werror=property-access-dot-syntax",
					"-Werror=property-attribute-mismatch",
					"-Werror=protocol",
					"-Werror=semicolon-before-method-body",
					"-Werror=strict-prototypes",
					"-Werror=switch",
					"-Werror=tautological-compare",
					"-Werror=type-safety",
					"-Werror=typedef-redefinition",
					"-Werror=typename-missing",
					"-Werror=unavailable-declarations",
					"-Werror=undeclared-selector",
					"-Werror=undeclared-selector",
					"-Werror=unreachable-code",
					"-Werror=unused-comparison",
					"-Werror=unused-const-variable",
					"-Werror=unused-const-variable",
					"-Werror=unused-function",
					"-Werror=unused-getter-return-value",
					"-Werror=unused-local-typedefs",
					"-Werror=unused-macros",
					"-Werror=unused-result",
					"-Werror=unused-variable\n",
				);
			};
			name = Debug;
		};
/* End XCBuildConfiguration section */

/* Begin XCConfigurationList section */
		47A9012EDB4684A014A29EC4 /* Build configuration list for PBXNativeTarget "TestApp" */ = {
			isa = XCConfigurationList;
			buildConfigurations = (
				659551D26C0576CE08516625 /* Debug */,
				0F79C3FBB78E97C4D44DA722 /* Release */,
			);
			defaultConfigurationIsVisible = 0;
			defaultConfigurationName = Debug;
		};
		FC32794C41F64083434098C8 /* Build configuration list for PBXProject "TestApp" */ = {
			isa = XCConfigurationList;
			buildConfigurations = (
				F0CF92268772E70E8650A390 /* Debug */,
				2EA48E7CB2DA558BACD67CDF /* Release */,
			);
			defaultConfigurationIsVisible = 0;
			defaultConfigurationName = Debug;
		};
/* End XCConfigurationList section */
	};
	rootObject = 5209D1649D65E2E4571D1A5E /* Project object */;
}
